{
  "requires": true,
  "lockfileVersion": 1,
  "dependencies": {
    "async-limiter": {
      "version": "1.0.0",
      "resolved": "https://registry.npmjs.org/async-limiter/-/async-limiter-1.0.0.tgz",
      "integrity": "sha512-jp/uFnooOiO+L211eZOoSyzpOITMXx1rBITauYykG3BRYPu8h0UcxsPNB04RR5vo4Tyz3+ay17tR6JVf9qzYWg=="
    },
    "better-sqlite-pool": {
      "version": "0.2.2",
      "resolved": "https://registry.npmjs.org/better-sqlite-pool/-/better-sqlite-pool-0.2.2.tgz",
      "integrity": "sha512-EZCfYtrc80kGSQ4AXLChEeSV5agMF8BSRqBaH4X852Nk0qoCA1GFv5j9r5JjpUDlQR0GDa10rosivMX15CH+Dw==",
      "requires": {
        "better-sqlite3": "5.4.0",
        "lodash": "4.17.11"
      }
    },
    "better-sqlite3": {
      "version": "5.4.0",
      "resolved": "https://registry.npmjs.org/better-sqlite3/-/better-sqlite3-5.4.0.tgz",
      "integrity": "sha512-Uj1ZYOcq1GtFyFgJgqMVDoDLTy1B1pM9+bULnlX8szRX4cPjE/7JbKxCzQGhYlZlLkHQvtXXhCZ3skqsQ2byMA==",
      "requires": {
        "integer": "2.1.0",
        "tar": "4.4.10"
      }
    },
    "chownr": {
      "version": "1.1.1",
      "resolved": "https://registry.npmjs.org/chownr/-/chownr-1.1.1.tgz",
      "integrity": "sha512-j38EvO5+LHX84jlo6h4UzmOwi0UgW61WRyPtJz4qaadK5eY3BTS5TY/S1Stc3Uk2lIM6TPevAlULiEJwie860g=="
    },
    "discord.js": {
      "version": "11.5.1",
      "resolved": "https://registry.npmjs.org/discord.js/-/discord.js-11.5.1.tgz",
      "integrity": "sha512-tGhV5xaZXE3Z+4uXJb3hYM6gQ1NmnSxp9PClcsSAYFVRzH6AJH74040mO3afPDMWEAlj8XsoPXXTJHTxesqcGw==",
      "requires": {
        "long": "4.0.0",
        "prism-media": "0.0.3",
        "snekfetch": "3.6.4",
        "tweetnacl": "1.0.1",
        "ws": "6.2.1"
      }
    },
    "enmap": {
      "version": "5.0.0",
      "resolved": "https://registry.npmjs.org/enmap/-/enmap-5.0.0.tgz",
      "integrity": "sha512-ntA4u4/p4FYpfFHAHiuLviIgVJYa5Bb1m5J9xkA1Ch3dgarHIqxdsDbzQS9PM3z9iF2yae/ud8uKQDMYPmRx2w==",
      "requires": {
        "lodash": "4.17.11"
      }
    },
    "fs-minipass": {
      "version": "1.2.6",
      "resolved": "https://registry.npmjs.org/fs-minipass/-/fs-minipass-1.2.6.tgz",
      "integrity": "sha512-crhvyXcMejjv3Z5d2Fa9sf5xLYVCF5O1c71QxbVnbLsmYMBEvDAftewesN/HhY03YRoA7zOMxjNGrF5svGaaeQ==",
      "requires": {
        "minipass": "2.3.5"
      }
    },
    "integer": {
      "version": "2.1.0",
      "resolved": "https://registry.npmjs.org/integer/-/integer-2.1.0.tgz",
      "integrity": "sha512-vBtiSgrEiNocWvvZX1RVfeOKa2mCHLZQ2p9nkQkQZ/BvEiY+6CcUz0eyjvIiewjJoeNidzg2I+tpPJvpyspL1w=="
    },
    "lodash": {
      "version": "4.17.11",
      "resolved": "https://registry.npmjs.org/lodash/-/lodash-4.17.11.tgz",
      "integrity": "sha512-cQKh8igo5QUhZ7lg38DYWAxMvjSAKG0A8wGSVimP07SIUEK2UO+arSRKbRZWtelMtN5V0Hkwh5ryOto/SshYIg=="
    },
    "long": {
      "version": "4.0.0",
      "resolved": "https://registry.npmjs.org/long/-/long-4.0.0.tgz",
      "integrity": "sha512-XsP+KhQif4bjX1kbuSiySJFNAehNxgLb6hPRGJ9QsUr8ajHkuXGdrHmFUTUUXhDwVX2R5bY4JNZEwbUiMhV+MA=="
    },
    "minimist": {
      "version": "0.0.8",
      "resolved": "https://registry.npmjs.org/minimist/-/minimist-0.0.8.tgz",
      "integrity": "sha1-hX/Kv8M5fSYluCKCYuhqp6ARsF0="
    },
    "minipass": {
      "version": "2.3.5",
      "resolved": "https://registry.npmjs.org/minipass/-/minipass-2.3.5.tgz",
      "integrity": "sha512-Gi1W4k059gyRbyVUZQ4mEqLm0YIUiGYfvxhF6SIlk3ui1WVxMTGfGdQ2SInh3PDrRTVvPKgULkpJtT4RH10+VA==",
      "requires": {
        "safe-buffer": "5.1.2",
        "yallist": "3.0.3"
      }
    },
    "minizlib": {
      "version": "1.2.1",
      "resolved": "https://registry.npmjs.org/minizlib/-/minizlib-1.2.1.tgz",
      "integrity": "sha512-7+4oTUOWKg7AuL3vloEWekXY2/D20cevzsrNT2kGWm+39J9hGTCBv8VI5Pm5lXZ/o3/mdR4f8rflAPhnQb8mPA==",
      "requires": {
        "minipass": "2.3.5"
      }
    },
    "mkdirp": {
      "version": "0.5.1",
      "resolved": "https://registry.npmjs.org/mkdirp/-/mkdirp-0.5.1.tgz",
      "integrity": "sha1-MAV0OOrGz3+MR2fzhkjWaX11yQM=",
      "requires": {
        "minimist": "0.0.8"
      }
    },
    "prism-media": {
      "version": "0.0.3",
      "resolved": "https://registry.npmjs.org/prism-media/-/prism-media-0.0.3.tgz",
      "integrity": "sha512-c9KkNifSMU/iXT8FFTaBwBMr+rdVcN+H/uNv1o+CuFeTThNZNTOrQ+RgXA1yL/DeLk098duAeRPP3QNPNbhxYQ=="
    },
    "safe-buffer": {
      "version": "5.1.2",
      "resolved": "https://registry.npmjs.org/safe-buffer/-/safe-buffer-5.1.2.tgz",
      "integrity": "sha512-Gd2UZBJDkXlY7GbJxfsE8/nvKkUEU1G38c1siN6QP6a9PT9MmHB8GnpscSmMJSoF8LOIrt8ud/wPtojys4G6+g=="
    },
    "snekfetch": {
      "version": "3.6.4",
      "resolved": "https://registry.npmjs.org/snekfetch/-/snekfetch-3.6.4.tgz",
      "integrity": "sha512-NjxjITIj04Ffqid5lqr7XdgwM7X61c/Dns073Ly170bPQHLm6jkmelye/eglS++1nfTWktpP6Y2bFXjdPlQqdw=="
    },
    "tar": {
      "version": "4.4.10",
      "resolved": "https://registry.npmjs.org/tar/-/tar-4.4.10.tgz",
      "integrity": "sha512-g2SVs5QIxvo6OLp0GudTqEf05maawKUxXru104iaayWA09551tFCTI8f1Asb4lPfkBr91k07iL4c11XO3/b0tA==",
      "requires": {
        "chownr": "1.1.1",
        "fs-minipass": "1.2.6",
        "minipass": "2.3.5",
        "minizlib": "1.2.1",
        "mkdirp": "0.5.1",
        "safe-buffer": "5.1.2",
        "yallist": "3.0.3"
      }
    },
    "tweetnacl": {
      "version": "1.0.1",
      "resolved": "https://registry.npmjs.org/tweetnacl/-/tweetnacl-1.0.1.tgz",
      "integrity": "sha512-kcoMoKTPYnoeS50tzoqjPY3Uv9axeuuFAZY9M/9zFnhoVvRfxz9K29IMPD7jGmt2c8SW7i3gT9WqDl2+nV7p4A=="
    },
    "ws": {
      "version": "6.2.1",
      "resolved": "https://registry.npmjs.org/ws/-/ws-6.2.1.tgz",
      "integrity": "sha512-GIyAXC2cB7LjvpgMt9EKS2ldqr0MTrORaleiOno6TweZ6r3TKtoFQWay/2PceJ3RuBasOHzXNn5Lrw1X0bEjqA==",
      "requires": {
        "async-limiter": "1.0.0"
      }
    },
    "yallist": {
      "version": "3.0.3",
      "resolved": "https://registry.npmjs.org/yallist/-/yallist-3.0.3.tgz",
      "integrity": "sha512-S+Zk8DEWE6oKpV+vI3qWkaK+jSbIK86pCwe2IF/xwIpQ8jEuxpw9NyaGjmp9+BoJv5FV2piqCDcoCtStppiq2A=="
    }
  }
}
